
Microsoft Visual Studio Solution File, Format Version 12.00
# Visual Studio Version 17
VisualStudioVersion = 17.4.33213.308
MinimumVisualStudioVersion = 10.0.40219.1
Project("{9A19103F-16F7-4668-BE54-9A1E7A4F7556}") = "LocationManager.API", "LocationManager.API\LocationManager.API.csproj", "{C7012CBB-2C97-472C-AFEE-C7123BB73A44}"
EndProject
Project("{9A19103F-16F7-4668-BE54-9A1E7A4F7556}") = "LocationManager.Blazor", "LocationManager.Blazor\LocationManager.Blazor.csproj", "{7949BF76-741E-4F8F-8EEE-ACB271A3AFCD}"
EndProject
Global
	GlobalSection(SolutionConfigurationPlatforms) = preSolution
		Debug|Any CPU = Debug|Any CPU
		Release|Any CPU = Release|Any CPU
	EndGlobalSection
	GlobalSection(ProjectConfigurationPlatforms) = postSolution
		{C7012CBB-2C97-472C-AFEE-C7123BB73A44}.Debug|Any CPU.ActiveCfg = Debug|Any CPU
		{C7012CBB-2C97-472C-AFEE-C7123BB73A44}.Debug|Any CPU.Build.0 = Debug|Any CPU
		{C7012CBB-2C97-472C-AFEE-C7123BB73A44}.Release|Any CPU.ActiveCfg = Release|Any CPU
		{C7012CBB-2C97-472C-AFEE-C7123BB73A44}.Release|Any CPU.Build.0 = Release|Any CPU
		{7949BF76-741E-4F8F-8EEE-ACB271A3AFCD}.Debug|Any CPU.ActiveCfg = Debug|Any CPU
		{7949BF76-741E-4F8F-8EEE-ACB271A3AFCD}.Debug|Any CPU.Build.0 = Debug|Any CPU
		{7949BF76-741E-4F8F-8EEE-ACB271A3AFCD}.Release|Any CPU.ActiveCfg = Release|Any CPU
		{7949BF76-741E-4F8F-8EEE-ACB271A3AFCD}.Release|Any CPU.Build.0 = Release|Any CPU
	EndGlobalSection
	GlobalSection(SolutionProperties) = preSolution
		HideSolutionNode = FALSE
	EndGlobalSection
	GlobalSection(ExtensibilityGlobals) = postSolution
		SolutionGuid = {4DEBF395-4AA6-4033-901A-02A732B4A3C5}
	EndGlobalSection
EndGlobal
